
Microsoft Visual Studio Solution File, Format Version 12.00
# Visual Studio Version 16
VisualStudioVersion = 16.0.29609.76
MinimumVisualStudioVersion = 10.0.40219.1
Project("{FAE04EC0-301F-11D3-BF4B-00C04F79EFBC}") = "RedGreen", "RedGreen.csproj", "{92921C20-5766-45DC-9668-794DAACAFD40}"
EndProject
Global
	GlobalSection(SolutionConfigurationPlatforms) = preSolution
		Debug|Any CPU = Debug|Any CPU
		Release|Any CPU = Release|Any CPU
	EndGlobalSection
	GlobalSection(ProjectConfigurationPlatforms) = postSolution
		{92921C20-5766-45DC-9668-794DAACAFD40}.Debug|Any CPU.ActiveCfg = Debug|Any CPU
		{92921C20-5766-45DC-9668-794DAACAFD40}.Debug|Any CPU.Build.0 = Debug|Any CPU
		{92921C20-5766-45DC-9668-794DAACAFD40}.Debug|Any CPU.Deploy.0 = Debug|Any CPU
		{92921C20-5766-45DC-9668-794DAACAFD40}.Release|Any CPU.ActiveCfg = Release|Any CPU
		{92921C20-5766-45DC-9668-794DAACAFD40}.Release|Any CPU.Build.0 = Release|Any CPU
		{92921C20-5766-45DC-9668-794DAACAFD40}.Release|Any CPU.Deploy.0 = Release|Any CPU
	EndGlobalSection
	GlobalSection(SolutionProperties) = preSolution
		HideSolutionNode = FALSE
	EndGlobalSection
	GlobalSection(ExtensibilityGlobals) = postSolution
		SolutionGuid = {B4415AA0-2759-4CAD-913A-18B7BF3305B5}
	EndGlobalSection
EndGlobal
